{
  "version": 4,
  "terraform_version": "0.13.5",
  "serial": 11,
  "lineage": "4ac7dbc0-5150-2fea-ed21-581c5cbc3d02",
  "outputs": {},
  "resources": [
    {
      "mode": "managed",
      "type": "docker_image",
      "name": "k8s-image",
      "provider": "provider[\"registry.terraform.io/terraform-providers/docker\"]",
      "instances": [
        {
          "schema_version": 0,
          "attributes": {
            "id": "sha256:00870bb89887a6c7d38cd539552f3d81010db95bd311792c21617f42af01589ek8s:latest",
            "keep_locally": null,
            "latest": "sha256:00870bb89887a6c7d38cd539552f3d81010db95bd311792c21617f42af01589e",
            "name": "k8s:latest",
            "pull_trigger": null,
            "pull_triggers": null
          },
          "private": "bnVsbA=="
        }
      ]
    }
  ]
}
